PODS:
  - Amplify (1.28.4):
    - Amplify/Default (= 1.28.4)
  - Amplify/Default (1.28.4)
  - Amplify/Tools (1.28.4)
  - AmplifyPlugins/AWSAPIPlugin (1.28.4):
    - AppSyncRealTimeClient (~> 2.0)
    - AWSCore (~> 2.29.1)
    - AWSPluginsCore (= 1.28.4)
  - AmplifyPlugins/AWSCognitoAuthPlugin (1.28.4):
    - AWSAuthCore (~> 2.29.1)
    - AWSCognitoIdentityProvider (~> 2.29.1)
    - AWSCognitoIdentityProviderASF (~> 2.29.1)
    - AWSCore (~> 2.29.1)
    - AWSMobileClient (~> 2.29.1)
    - AWSPluginsCore (= 1.28.4)
  - AmplifyPlugins/AWSDataStorePlugin (1.28.4):
    - AWSCore (~> 2.29.1)
    - AWSPluginsCore (= 1.28.4)
    - SQLite.swift (= 0.13.2)
  - AppSyncRealTimeClient (2.1.1):
    - Starscream (~> 4.0.4)
  - AWSAuthCore (2.29.1):
    - AWSCore (= 2.29.1)
  - AWSCognitoIdentityProvider (2.29.1):
    - AWSCognitoIdentityProviderASF (= 2.29.1)
    - AWSCore (= 2.29.1)
  - AWSCognitoIdentityProviderASF (2.29.1):
    - AWSCore (= 2.29.1)
  - AWSCore (2.29.1)
  - AWSMobileClient (2.29.1):
    - AWSAuthCore (= 2.29.1)
    - AWSCognitoIdentityProvider (= 2.29.1)
    - AWSCognitoIdentityProviderASF (= 2.29.1)
    - AWSCore (= 2.29.1)
  - AWSPluginsCore (1.28.4):
    - Amplify (= 1.28.4)
    - AWSCore (~> 2.29.1)
  - SQLite.swift (0.13.2):
    - SQLite.swift/standard (= 0.13.2)
  - SQLite.swift/standard (0.13.2)
  - Starscream (4.0.4)

DEPENDENCIES:
  - Amplify
  - Amplify/Tools
  - AmplifyPlugins/AWSAPIPlugin
  - AmplifyPlugins/AWSCognitoAuthPlugin
  - AmplifyPlugins/AWSDataStorePlugin

SPEC REPOS:
  trunk:
    - Amplify
    - AmplifyPlugins
    - AppSyncRealTimeClient
    - AWSAuthCore
    - AWSCognitoIdentityProvider
    - AWSCognitoIdentityProviderASF
    - AWSCore
    - AWSMobileClient
    - AWSPluginsCore
    - SQLite.swift
    - Starscream

SPEC CHECKSUMS:
  Amplify: be704bdc5c808a61b1a9a0ee79ba4892de9c5dcc
  AmplifyPlugins: f90215cd830f0edb354629661978bbe8a6bee5c0
  AppSyncRealTimeClient: 937360221f2b664c4c33ae142a60643e64f480cd
  AWSAuthCore: 47c24a59f47501358803c58045b03e0fe10f451e
  AWSCognitoIdentityProvider: ecd914518152f6d645485b9431265eedf2ff84d0
  AWSCognitoIdentityProviderASF: c845b376143e69b1f34899f0572654cf816f9c5e
  AWSCore: aa4a494c8bbcefe97723621fa51cfb1fad15fbd1
  AWSMobileClient: 1c98e24ad0afcbed09febdeda4ad59fd7e7a5feb
  AWSPluginsCore: 188e0c9fb78f87f517240f33589cbc3fbaedcdb9
  SQLite.swift: 4fc2be46c36392e3b87afe6fe7f1801c1daa07ef
  Starscream: 5178aed56b316f13fa3bc55694e583d35dd414d9

PODFILE CHECKSUM: 66018088d5da8a2e642dc538c22381e4df6a6390

COCOAPODS: 1.11.3
